
Microsoft Visual Studio Solution File, Format Version 12.00
# Visual Studio Version 17
VisualStudioVersion = 17.9.34723.18
MinimumVisualStudioVersion = 10.0.40219.1
Project("{FAE04EC0-301F-11D3-BF4B-00C04F79EFBC}") = "Avalonia.Emoji", "Avalonia.Emoji.csproj", "{9694899C-2C3D-4117-AFA2-D7B5F5754AA3}"
EndProject
Global
	GlobalSection(SolutionConfigurationPlatforms) = preSolution
		Debug|Any CPU = Debug|Any CPU
		Release|Any CPU = Release|Any CPU
	EndGlobalSection
	GlobalSection(ProjectConfigurationPlatforms) = postSolution
		{9694899C-2C3D-4117-AFA2-D7B5F5754AA3}.Debug|Any CPU.ActiveCfg = Debug|Any CPU
		{9694899C-2C3D-4117-AFA2-D7B5F5754AA3}.Debug|Any CPU.Build.0 = Debug|Any CPU
		{9694899C-2C3D-4117-AFA2-D7B5F5754AA3}.Release|Any CPU.ActiveCfg = Release|Any CPU
		{9694899C-2C3D-4117-AFA2-D7B5F5754AA3}.Release|Any CPU.Build.0 = Release|Any CPU
	EndGlobalSection
	GlobalSection(SolutionProperties) = preSolution
		HideSolutionNode = FALSE
	EndGlobalSection
	GlobalSection(ExtensibilityGlobals) = postSolution
		SolutionGuid = {8CAC458E-88E3-4618-8F96-F90C71D5B8F1}
	EndGlobalSection
EndGlobal
